
Microsoft Visual Studio Solution File, Format Version 12.00
# Visual Studio 15
VisualStudioVersion = 15.0.27703.2000
MinimumVisualStudioVersion = 10.0.40219.1
Project("{FAE04EC0-301F-11D3-BF4B-00C04F79EFBC}") = "CIS.SDPM", "CIS.SDPM\CIS.SDPM.csproj", "{ED925A17-F305-4C94-96C3-3A50A7769FA8}"
EndProject
Global
	GlobalSection(SolutionConfigurationPlatforms) = preSolution
		Debug|Any CPU = Debug|Any CPU
		Release|Any CPU = Release|Any CPU
	EndGlobalSection
	GlobalSection(ProjectConfigurationPlatforms) = postSolution
		{ED925A17-F305-4C94-96C3-3A50A7769FA8}.Debug|Any CPU.ActiveCfg = Debug|Any CPU
		{ED925A17-F305-4C94-96C3-3A50A7769FA8}.Debug|Any CPU.Build.0 = Debug|Any CPU
		{ED925A17-F305-4C94-96C3-3A50A7769FA8}.Release|Any CPU.ActiveCfg = Release|Any CPU
		{ED925A17-F305-4C94-96C3-3A50A7769FA8}.Release|Any CPU.Build.0 = Release|Any CPU
	EndGlobalSection
	GlobalSection(SolutionProperties) = preSolution
		HideSolutionNode = FALSE
	EndGlobalSection
	GlobalSection(ExtensibilityGlobals) = postSolution
		SolutionGuid = {4451C908-1345-44DB-9C3C-11A193312274}
	EndGlobalSection
EndGlobal
